
Microsoft Visual Studio Solution File, Format Version 12.00
# Visual Studio 15
VisualStudioVersion = 15.0.28307.1209
MinimumVisualStudioVersion = 10.0.40219.1
Project("{FAE04EC0-301F-11D3-BF4B-00C04F79EFBC}") = "Shoop", "Shoop\Shoop.csproj", "{6C595868-88A5-45B7-B382-E04505E2E706}"
EndProject
Global
	GlobalSection(SolutionConfigurationPlatforms) = preSolution
		Debug|Any CPU = Debug|Any CPU
		Release|Any CPU = Release|Any CPU
	EndGlobalSection
	GlobalSection(ProjectConfigurationPlatforms) = postSolution
		{6C595868-88A5-45B7-B382-E04505E2E706}.Debug|Any CPU.ActiveCfg = Debug|Any CPU
		{6C595868-88A5-45B7-B382-E04505E2E706}.Debug|Any CPU.Build.0 = Debug|Any CPU
		{6C595868-88A5-45B7-B382-E04505E2E706}.Release|Any CPU.ActiveCfg = Release|Any CPU
		{6C595868-88A5-45B7-B382-E04505E2E706}.Release|Any CPU.Build.0 = Release|Any CPU
	EndGlobalSection
	GlobalSection(SolutionProperties) = preSolution
		HideSolutionNode = FALSE
	EndGlobalSection
	GlobalSection(ExtensibilityGlobals) = postSolution
		SolutionGuid = {2F4A2C66-6179-46E1-93B3-9D1BDDA988FC}
	EndGlobalSection
EndGlobal
